// !$*UTF8*$!
{
	archiveVersion = 1;
	classes = {
	};
	objectVersion = 50;
	objects = {

/* Begin PBXBuildFile section */
		A1106E5724BF5E1600EAE0AB /* AppDelegate.swift in Sources */ = {isa = PBXBuildFile; fileRef = A1106E5624BF5E1600EAE0AB /* AppDelegate.swift */; };
		A1106E5924BF5E1600EAE0AB /* SceneDelegate.swift in Sources */ = {isa = PBXBuildFile; fileRef = A1106E5824BF5E1600EAE0AB /* SceneDelegate.swift */; };
		A1106E5B24BF5E1600EAE0AB /* ViewController.swift in Sources */ = {isa = PBXBuildFile; fileRef = A1106E5A24BF5E1600EAE0AB /* ViewController.swift */; };
		A1106E5E24BF5E1600EAE0AB /* Main.storyboard in Resources */ = {isa = PBXBuildFile; fileRef = A1106E5C24BF5E1600EAE0AB /* Main.storyboard */; };
		A1106E6024BF5E1800EAE0AB /* Assets.xcassets in Resources */ = {isa = PBXBuildFile; fileRef = A1106E5F24BF5E1800EAE0AB /* Assets.xcassets */; };
		A1106E6324BF5E1800EAE0AB /* LaunchScreen.storyboard in Resources */ = {isa = PBXBuildFile; fileRef = A1106E6124BF5E1800EAE0AB /* LaunchScreen.storyboard */; };
		A1106E6B24BF5E3300EAE0AB /* MTEHandlerChain.swift in Sources */ = {isa = PBXBuildFile; fileRef = A1106E6A24BF5E3300EAE0AB /* MTEHandlerChain.swift */; };
		A1106E6D24BF5E7C00EAE0AB /* SecondViewController.swift in Sources */ = {isa = PBXBuildFile; fileRef = A1106E6C24BF5E7C00EAE0AB /* SecondViewController.swift */; };
		A1106E7124BF6AB800EAE0AB /* NSPointerArray+.swift in Sources */ = {isa = PBXBuildFile; fileRef = A1106E7024BF6AB800EAE0AB /* NSPointerArray+.swift */; };
/* End PBXBuildFile section */

/* Begin PBXFileReference section */
		A1106E5324BF5E1600EAE0AB /* HandlerChainTest.app */ = {isa = PBXFileReference; explicitFileType = wrapper.application; includeInIndex = 0; path = HandlerChainTest.app; sourceTree = BUILT_PRODUCTS_DIR; };
		A1106E5624BF5E1600EAE0AB /* AppDelegate.swift */ = {isa = PBXFileReference; lastKnownFileType = sourcecode.swift; path = AppDelegate.swift; sourceTree = "<group>"; };
		A1106E5824BF5E1600EAE0AB /* SceneDelegate.swift */ = {isa = PBXFileReference; lastKnownFileType = sourcecode.swift; path = SceneDelegate.swift; sourceTree = "<group>"; };
		A1106E5A24BF5E1600EAE0AB /* ViewController.swift */ = {isa = PBXFileReference; lastKnownFileType = sourcecode.swift; path = ViewController.swift; sourceTree = "<group>"; };
		A1106E5D24BF5E1600EAE0AB /* Base */ = {isa = PBXFileReference; lastKnownFileType = file.storyboard; name = Base; path = Base.lproj/Main.storyboard; sourceTree = "<group>"; };
		A1106E5F24BF5E1800EAE0AB /* Assets.xcassets */ = {isa = PBXFileReference; lastKnownFileType = folder.assetcatalog; path = Assets.xcassets; sourceTree = "<group>"; };
		A1106E6224BF5E1800EAE0AB /* Base */ = {isa = PBXFileReference; lastKnownFileType = file.storyboard; name = Base; path = Base.lproj/LaunchScreen.storyboard; sourceTree = "<group>"; };
		A1106E6424BF5E1800EAE0AB /* Info.plist */ = {isa = PBXFileReference; lastKnownFileType = text.plist.xml; path = Info.plist; sourceTree = "<group>"; };
		A1106E6A24BF5E3300EAE0AB /* MTEHandlerChain.swift */ = {isa = PBXFileReference; lastKnownFileType = sourcecode.swift; path = MTEHandlerChain.swift; sourceTree = "<group>"; };
		A1106E6C24BF5E7C00EAE0AB /* SecondViewController.swift */ = {isa = PBXFileReference; lastKnownFileType = sourcecode.swift; path = SecondViewController.swift; sourceTree = "<group>"; };
		A1106E7024BF6AB800EAE0AB /* NSPointerArray+.swift */ = {isa = PBXFileReference; lastKnownFileType = sourcecode.swift; path = "NSPointerArray+.swift"; sourceTree = "<group>"; };
/* End PBXFileReference section */

/* Begin PBXFrameworksBuildPhase section */
		A1106E5024BF5E1600EAE0AB /* Frameworks */ = {
			isa = PBXFrameworksBuildPhase;
			buildActionMask = 2147483647;
			files = (
			);
			runOnlyForDeploymentPostprocessing = 0;
		};
/* End PBXFrameworksBuildPhase section */

/* Begin PBXGroup section */
		A1106E4A24BF5E1500EAE0AB = {
			isa = PBXGroup;
			children = (
				A1106E5524BF5E1600EAE0AB /* HandlerChainTest */,
				A1106E5424BF5E1600EAE0AB /* Products */,
			);
			sourceTree = "<group>";
		};
		A1106E5424BF5E1600EAE0AB /* Products */ = {
			isa = PBXGroup;
			children = (
				A1106E5324BF5E1600EAE0AB /* HandlerChainTest.app */,
			);
			name = Products;
			sourceTree = "<group>";
		};
		A1106E5524BF5E1600EAE0AB /* HandlerChainTest */ = {
			isa = PBXGroup;
			children = (
				A1106E5624BF5E1600EAE0AB /* AppDelegate.swift */,
				A1106E5824BF5E1600EAE0AB /* SceneDelegate.swift */,
				A1106E5A24BF5E1600EAE0AB /* ViewController.swift */,
				A1106E6C24BF5E7C00EAE0AB /* SecondViewController.swift */,
				A1106E5C24BF5E1600EAE0AB /* Main.storyboard */,
				A1106E5F24BF5E1800EAE0AB /* Assets.xcassets */,
				A1106E6124BF5E1800EAE0AB /* LaunchScreen.storyboard */,
				A1106E6424BF5E1800EAE0AB /* Info.plist */,
				A1106E6A24BF5E3300EAE0AB /* MTEHandlerChain.swift */,
				A1106E7024BF6AB800EAE0AB /* NSPointerArray+.swift */,
			);
			path = HandlerChainTest;
			sourceTree = "<group>";
		};
/* End PBXGroup section */

/* Begin PBXNativeTarget section */
		A1106E5224BF5E1600EAE0AB /* HandlerChainTest */ = {
			isa = PBXNativeTarget;
			buildConfigurationList = A1106E6724BF5E1800EAE0AB /* Build configuration list for PBXNativeTarget "HandlerChainTest" */;
			buildPhases = (
				A1106E4F24BF5E1600EAE0AB /* Sources */,
				A1106E5024BF5E1600EAE0AB /* Frameworks */,
				A1106E5124BF5E1600EAE0AB /* Resources */,
			);
			buildRules = (
			);
			dependencies = (
			);
			name = HandlerChainTest;
			productName = HandlerChainTest;
			productReference = A1106E5324BF5E1600EAE0AB /* HandlerChainTest.app */;
			productType = "com.apple.product-type.application";
		};
/* End PBXNativeTarget section */

/* Begin PBXProject section */
		A1106E4B24BF5E1600EAE0AB /* Project object */ = {
			isa = PBXProject;
			attributes = {
				LastSwiftUpdateCheck = 1150;
				LastUpgradeCheck = 1150;
				ORGANIZATIONNAME = com.xuzhanfen;
				TargetAttributes = {
					A1106E5224BF5E1600EAE0AB = {
						CreatedOnToolsVersion = 11.5;
					};
				};
			};
			buildConfigurationList = A1106E4E24BF5E1600EAE0AB /* Build configuration list for PBXProject "HandlerChainTest" */;
			compatibilityVersion = "Xcode 9.3";
			developmentRegion = en;
			hasScannedForEncodings = 0;
			knownRegions = (
				en,
				Base,
			);
			mainGroup = A1106E4A24BF5E1500EAE0AB;
			productRefGroup = A1106E5424BF5E1600EAE0AB /* Products */;
			projectDirPath = "";
			projectRoot = "";
			targets = (
				A1106E5224BF5E1600EAE0AB /* HandlerChainTest */,
			);
		};
/* End PBXProject section */

/* Begin PBXResourcesBuildPhase section */
		A1106E5124BF5E1600EAE0AB /* Resources */ = {
			isa = PBXResourcesBuildPhase;
			buildActionMask = 2147483647;
			files = (
				A1106E6324BF5E1800EAE0AB /* LaunchScreen.storyboard in Resources */,
				A1106E6024BF5E1800EAE0AB /* Assets.xcassets in Resources */,
				A1106E5E24BF5E1600EAE0AB /* Main.storyboard in Resources */,
			);
			runOnlyForDeploymentPostprocessing = 0;
		};
/* End PBXResourcesBuildPhase section */

/* Begin PBXSourcesBuildPhase section */
		A1106E4F24BF5E1600EAE0AB /* Sources */ = {
			isa = PBXSourcesBuildPhase;
			buildActionMask = 2147483647;
			files = (
				A1106E5B24BF5E1600EAE0AB /* ViewController.swift in Sources */,
				A1106E5724BF5E1600EAE0AB /* AppDelegate.swift in Sources */,
				A1106E5924BF5E1600EAE0AB /* SceneDelegate.swift in Sources */,
				A1106E6D24BF5E7C00EAE0AB /* SecondViewController.swift in Sources */,
				A1106E7124BF6AB800EAE0AB /* NSPointerArray+.swift in Sources */,
				A1106E6B24BF5E3300EAE0AB /* MTEHandlerChain.swift in Sources */,
			);
			runOnlyForDeploymentPostprocessing = 0;
		};
/* End PBXSourcesBuildPhase section */

/* Begin PBXVariantGroup section */
		A1106E5C24BF5E1600EAE0AB /* Main.storyboard */ = {
			isa = PBXVariantGroup;
			children = (
				A1106E5D24BF5E1600EAE0AB /* Base */,
			);
			name = Main.storyboard;
			sourceTree = "<group>";
		};
		A1106E6124BF5E1800EAE0AB /* LaunchScreen.storyboard */ = {
			isa = PBXVariantGroup;
			children = (
				A1106E6224BF5E1800EAE0AB /* Base */,
			);
			name = LaunchScreen.storyboard;
			sourceTree = "<group>";
		};
/* End PBXVariantGroup section */

/* Begin XCBuildConfiguration section */
		A1106E6524BF5E1800EAE0AB /* Debug */ = {
			isa = XCBuildConfiguration;
			buildSettings = {
				ALWAYS_SEARCH_USER_PATHS = NO;
				CLANG_ANALYZER_NONNULL = YES;
				CLANG_ANALYZER_NUMBER_OBJECT_CONVERSION = YES_AGGRESSIVE;
				CLANG_CXX_LANGUAGE_STANDARD = "gnu++14";
				CLANG_CXX_LIBRARY = "libc++";
				CLANG_ENABLE_MODULES = YES;
				CLANG_ENABLE_OBJC_ARC = YES;
				CLANG_ENABLE_OBJC_WEAK = YES;
				CLANG_WARN_BLOCK_CAPTURE_AUTORELEASING = YES;
				CLANG_WARN_BOOL_CONVERSION = YES;
				CLANG_WARN_COMMA = YES;
				CLANG_WARN_CONSTANT_CONVERSION = YES;
				CLANG_WARN_DEPRECATED_OBJC_IMPLEMENTATIONS = YES;
				CLANG_WARN_DIRECT_OBJC_ISA_USAGE = YES_ERROR;
				CLANG_WARN_DOCUMENTATION_COMMENTS = YES;
				CLANG_WARN_EMPTY_BODY = YES;
				CLANG_WARN_ENUM_CONVERSION = YES;
				CLANG_WARN_INFINITE_RECURSION = YES;
				CLANG_WARN_INT_CONVERSION = YES;
				CLANG_WARN_NON_LITERAL_NULL_CONVERSION = YES;
				CLANG_WARN_OBJC_IMPLICIT_RETAIN_SELF = YES;
				CLANG_WARN_OBJC_LITERAL_CONVERSION = YES;
				CLANG_WARN_OBJC_ROOT_CLASS = YES_ERROR;
				CLANG_WARN_RANGE_LOOP_ANALYSIS = YES;
				CLANG_WARN_STRICT_PROTOTYPES = YES;
				CLANG_WARN_SUSPICIOUS_MOVE = YES;
				CLANG_WARN_UNGUARDED_AVAILABILITY = YES_AGGRESSIVE;
				CLANG_WARN_UNREACHABLE_CODE = YES;
				CLANG_WARN__DUPLICATE_METHOD_MATCH = YES;
				COPY_PHASE_STRIP = NO;
				DEBUG_INFORMATION_FORMAT = dwarf;
				ENABLE_STRICT_OBJC_MSGSEND = YES;
				ENABLE_TESTABILITY = YES;
				GCC_C_LANGUAGE_STANDARD = gnu11;
				GCC_DYNAMIC_NO_PIC = NO;
				GCC_NO_COMMON_BLOCKS = YES;
				GCC_OPTIMIZATION_LEVEL = 0;
				GCC_PREPROCESSOR_DEFINITIONS = (
					"DEBUG=1",
					"$(inherited)",
				);
				GCC_WARN_64_TO_32_BIT_CONVERSION = YES;
				GCC_WARN_ABOUT_RETURN_TYPE = YES_ERROR;
				GCC_WARN_UNDECLARED_SELECTOR = YES;
				GCC_WARN_UNINITIALIZED_AUTOS = YES_AGGRESSIVE;
				GCC_WARN_UNUSED_FUNCTION = YES;
				GCC_WARN_UNUSED_VARIABLE = YES;
				IPHONEOS_DEPLOYMENT_TARGET = 13.5;
				MTL_ENABLE_DEBUG_INFO = INCLUDE_SOURCE;
				MTL_FAST_MATH = YES;
				ONLY_ACTIVE_ARCH = YES;
				SDKROOT = iphoneos;
				SWIFT_ACTIVE_COMPILATION_CONDITIONS = DEBUG;
				SWIFT_OPTIMIZATION_LEVEL = "-Onone";
			};
			name = Debug;
		};
		A1106E6624BF5E1800EAE0AB /* Release */ = {
			isa = XCBuildConfiguration;
			buildSettings = {
				ALWAYS_SEARCH_USER_PATHS = NO;
				CLANG_ANALYZER_NONNULL = YES;
				CLANG_ANALYZER_NUMBER_OBJECT_CONVERSION = YES_AGGRESSIVE;
				CLANG_CXX_LANGUAGE_STANDARD = "gnu++14";
				CLANG_CXX_LIBRARY = "libc++";
				CLANG_ENABLE_MODULES = YES;
				CLANG_ENABLE_OBJC_ARC = YES;
				CLANG_ENABLE_OBJC_WEAK = YES;
				CLANG_WARN_BLOCK_CAPTURE_AUTORELEASING = YES;
				CLANG_WARN_BOOL_CONVERSION = YES;
				CLANG_WARN_COMMA = YES;
				CLANG_WARN_CONSTANT_CONVERSION = YES;
				CLANG_WARN_DEPRECATED_OBJC_IMPLEMENTATIONS = YES;
				CLANG_WARN_DIRECT_OBJC_ISA_USAGE = YES_ERROR;
				CLANG_WARN_DOCUMENTATION_COMMENTS = YES;
				CLANG_WARN_EMPTY_BODY = YES;
				CLANG_WARN_ENUM_CONVERSION = YES;
				CLANG_WARN_INFINITE_RECURSION = YES;
				CLANG_WARN_INT_CONVERSION = YES;
				CLANG_WARN_NON_LITERAL_NULL_CONVERSION = YES;
				CLANG_WARN_OBJC_IMPLICIT_RETAIN_SELF = YES;
				CLANG_WARN_OBJC_LITERAL_CONVERSION = YES;
				CLANG_WARN_OBJC_ROOT_CLASS = YES_ERROR;
				CLANG_WARN_RANGE_LOOP_ANALYSIS = YES;
				CLANG_WARN_STRICT_PROTOTYPES = YES;
				CLANG_WARN_SUSPICIOUS_MOVE = YES;
				CLANG_WARN_UNGUARDED_AVAILABILITY = YES_AGGRESSIVE;
				CLANG_WARN_UNREACHABLE_CODE = YES;
				CLANG_WARN__DUPLICATE_METHOD_MATCH = YES;
				COPY_PHASE_STRIP = NO;
				DEBUG_INFORMATION_FORMAT = "dwarf-with-dsym";
				ENABLE_NS_ASSERTIONS = NO;
				ENABLE_STRICT_OBJC_MSGSEND = YES;
				GCC_C_LANGUAGE_STANDARD = gnu11;
				GCC_NO_COMMON_BLOCKS = YES;
				GCC_WARN_64_TO_32_BIT_CONVERSION = YES;
				GCC_WARN_ABOUT_RETURN_TYPE = YES_ERROR;
				GCC_WARN_UNDECLARED_SELECTOR = YES;
				GCC_WARN_UNINITIALIZED_AUTOS = YES_AGGRESSIVE;
				GCC_WARN_UNUSED_FUNCTION = YES;
				GCC_WARN_UNUSED_VARIABLE = YES;
				IPHONEOS_DEPLOYMENT_TARGET = 13.5;
				MTL_ENABLE_DEBUG_INFO = NO;
				MTL_FAST_MATH = YES;
				SDKROOT = iphoneos;
				SWIFT_COMPILATION_MODE = wholemodule;
				SWIFT_OPTIMIZATION_LEVEL = "-O";
				VALIDATE_PRODUCT = YES;
			};
			name = Release;
		};
		A1106E6824BF5E1800EAE0AB /* Debug */ = {
			isa = XCBuildConfiguration;
			buildSettings = {
				ASSETCATALOG_COMPILER_APPICON_NAME = AppIcon;
				CODE_SIGN_STYLE = Automatic;
				DEVELOPMENT_TEAM = 3LB8Z456SU;
				INFOPLIST_FILE = HandlerChainTest/Info.plist;
				LD_RUNPATH_SEARCH_PATHS = (
					"$(inherited)",
					"@executable_path/Frameworks",
				);
				PRODUCT_BUNDLE_IDENTIFIER = com.xuzhanfen.HandlerChainTest;
				PRODUCT_NAME = "$(TARGET_NAME)";
				SWIFT_VERSION = 5.0;
				TARGETED_DEVICE_FAMILY = "1,2";
			};
			name = Debug;
		};
		A1106E6924BF5E1800EAE0AB /* Release */ = {
			isa = XCBuildConfiguration;
			buildSettings = {
				ASSETCATALOG_COMPILER_APPICON_NAME = AppIcon;
				CODE_SIGN_STYLE = Automatic;
				DEVELOPMENT_TEAM = 3LB8Z456SU;
				INFOPLIST_FILE = HandlerChainTest/Info.plist;
				LD_RUNPATH_SEARCH_PATHS = (
					"$(inherited)",
					"@executable_path/Frameworks",
				);
				PRODUCT_BUNDLE_IDENTIFIER = com.xuzhanfen.HandlerChainTest;
				PRODUCT_NAME = "$(TARGET_NAME)";
				SWIFT_VERSION = 5.0;
				TARGETED_DEVICE_FAMILY = "1,2";
			};
			name = Release;
		};
/* End XCBuildConfiguration section */

/* Begin XCConfigurationList section */
		A1106E4E24BF5E1600EAE0AB /* Build configuration list for PBXProject "HandlerChainTest" */ = {
			isa = XCConfigurationList;
			buildConfigurations = (
				A1106E6524BF5E1800EAE0AB /* Debug */,
				A1106E6624BF5E1800EAE0AB /* Release */,
			);
			defaultConfigurationIsVisible = 0;
			defaultConfigurationName = Release;
		};
		A1106E6724BF5E1800EAE0AB /* Build configuration list for PBXNativeTarget "HandlerChainTest" */ = {
			isa = XCConfigurationList;
			buildConfigurations = (
				A1106E6824BF5E1800EAE0AB /* Debug */,
				A1106E6924BF5E1800EAE0AB /* Release */,
			);
			defaultConfigurationIsVisible = 0;
			defaultConfigurationName = Release;
		};
/* End XCConfigurationList section */
	};
	rootObject = A1106E4B24BF5E1600EAE0AB /* Project object */;
}
